// !$*UTF8*$!
{
	archiveVersion = 1;
	classes = {
	};
	objectVersion = 46;
	objects = {

/* Begin PBXBuildFile section */
		B0DBAB271A6D95FE0054B80E /* main.m in Sources */ = {isa = PBXBuildFile; fileRef = B0DBAB261A6D95FE0054B80E /* main.m */; };
		B0DBAB2A1A6D95FE0054B80E /* AppDelegate.m in Sources */ = {isa = PBXBuildFile; fileRef = B0DBAB291A6D95FE0054B80E /* AppDelegate.m */; };
		B0DBAB2D1A6D95FE0054B80E /* ViewController.m in Sources */ = {isa = PBXBuildFile; fileRef = B0DBAB2C1A6D95FE0054B80E /* ViewController.m */; };
		B0DBAB301A6D95FE0054B80E /* Main.storyboard in Resources */ = {isa = PBXBuildFile; fileRef = B0DBAB2E1A6D95FE0054B80E /* Main.storyboard */; };
		B0DBAB321A6D95FE0054B80E /* Images.xcassets in Resources */ = {isa = PBXBuildFile; fileRef = B0DBAB311A6D95FE0054B80E /* Images.xcassets */; };
		B0DBAB351A6D95FE0054B80E /* LaunchScreen.xib in Resources */ = {isa = PBXBuildFile; fileRef = B0DBAB331A6D95FE0054B80E /* LaunchScreen.xib */; };
		B0DBAB411A6D95FE0054B80E /* MeetMeUpTests.m in Sources */ = {isa = PBXBuildFile; fileRef = B0DBAB401A6D95FE0054B80E /* MeetMeUpTests.m */; };
/* End PBXBuildFile section */

/* Begin PBXContainerItemProxy section */
		B0DBAB3B1A6D95FE0054B80E /* PBXContainerItemProxy */ = {
			isa = PBXContainerItemProxy;
			containerPortal = B0DBAB191A6D95FE0054B80E /* Project object */;
			proxyType = 1;
			remoteGlobalIDString = B0DBAB201A6D95FE0054B80E;
			remoteInfo = MeetMeUp;
		};
/* End PBXContainerItemProxy section */

/* Begin PBXFileReference section */
		B0DBAB211A6D95FE0054B80E /* MeetMeUp.app */ = {isa = PBXFileReference; explicitFileType = wrapper.application; includeInIndex = 0; path = MeetMeUp.app; sourceTree = BUILT_PRODUCTS_DIR; };
		B0DBAB251A6D95FE0054B80E /* Info.plist */ = {isa = PBXFileReference; lastKnownFileType = text.plist.xml; path = Info.plist; sourceTree = "<group>"; };
		B0DBAB261A6D95FE0054B80E /* main.m */ = {isa = PBXFileReference; lastKnownFileType = sourcecode.c.objc; path = main.m; sourceTree = "<group>"; };
		B0DBAB281A6D95FE0054B80E /* AppDelegate.h */ = {isa = PBXFileReference; lastKnownFileType = sourcecode.c.h; path = AppDelegate.h; sourceTree = "<group>"; };
		B0DBAB291A6D95FE0054B80E /* AppDelegate.m */ = {isa = PBXFileReference; lastKnownFileType = sourcecode.c.objc; path = AppDelegate.m; sourceTree = "<group>"; };
		B0DBAB2B1A6D95FE0054B80E /* ViewController.h */ = {isa = PBXFileReference; lastKnownFileType = sourcecode.c.h; path = ViewController.h; sourceTree = "<group>"; };
		B0DBAB2C1A6D95FE0054B80E /* ViewController.m */ = {isa = PBXFileReference; lastKnownFileType = sourcecode.c.objc; path = ViewController.m; sourceTree = "<group>"; };
		B0DBAB2F1A6D95FE0054B80E /* Base */ = {isa = PBXFileReference; lastKnownFileType = file.storyboard; name = Base; path = Base.lproj/Main.storyboard; sourceTree = "<group>"; };
		B0DBAB311A6D95FE0054B80E /* Images.xcassets */ = {isa = PBXFileReference; lastKnownFileType = folder.assetcatalog; path = Images.xcassets; sourceTree = "<group>"; };
		B0DBAB341A6D95FE0054B80E /* Base */ = {isa = PBXFileReference; lastKnownFileType = file.xib; name = Base; path = Base.lproj/LaunchScreen.xib; sourceTree = "<group>"; };
		B0DBAB3A1A6D95FE0054B80E /* MeetMeUpTests.xctest */ = {isa = PBXFileReference; explicitFileType = wrapper.cfbundle; includeInIndex = 0; path = MeetMeUpTests.xctest; sourceTree = BUILT_PRODUCTS_DIR; };
		B0DBAB3F1A6D95FE0054B80E /* Info.plist */ = {isa = PBXFileReference; lastKnownFileType = text.plist.xml; path = Info.plist; sourceTree = "<group>"; };
		B0DBAB401A6D95FE0054B80E /* MeetMeUpTests.m */ = {isa = PBXFileReference; lastKnownFileType = sourcecode.c.objc; path = MeetMeUpTests.m; sourceTree = "<group>"; };
/* End PBXFileReference section */

/* Begin PBXFrameworksBuildPhase section */
		B0DBAB1E1A6D95FE0054B80E /* Frameworks */ = {
			isa = PBXFrameworksBuildPhase;
			buildActionMask = 2147483647;
			files = (
			);
			runOnlyForDeploymentPostprocessing = 0;
		};
		B0DBAB371A6D95FE0054B80E /* Frameworks */ = {
			isa = PBXFrameworksBuildPhase;
			buildActionMask = 2147483647;
			files = (
			);
			runOnlyForDeploymentPostprocessing = 0;
		};
/* End PBXFrameworksBuildPhase section */

/* Begin PBXGroup section */
		B0DBAB181A6D95FE0054B80E = {
			isa = PBXGroup;
			children = (
				B0DBAB231A6D95FE0054B80E /* MeetMeUp */,
				B0DBAB3D1A6D95FE0054B80E /* MeetMeUpTests */,
				B0DBAB221A6D95FE0054B80E /* Products */,
			);
			sourceTree = "<group>";
		};
		B0DBAB221A6D95FE0054B80E /* Products */ = {
			isa = PBXGroup;
			children = (
				B0DBAB211A6D95FE0054B80E /* MeetMeUp.app */,
				B0DBAB3A1A6D95FE0054B80E /* MeetMeUpTests.xctest */,
			);
			name = Products;
			sourceTree = "<group>";
		};
		B0DBAB231A6D95FE0054B80E /* MeetMeUp */ = {
			isa = PBXGroup;
			children = (
				B0DBAB281A6D95FE0054B80E /* AppDelegate.h */,
				B0DBAB291A6D95FE0054B80E /* AppDelegate.m */,
				B0DBAB2B1A6D95FE0054B80E /* ViewController.h */,
				B0DBAB2C1A6D95FE0054B80E /* ViewController.m */,
				B0DBAB2E1A6D95FE0054B80E /* Main.storyboard */,
				B0DBAB311A6D95FE0054B80E /* Images.xcassets */,
				B0DBAB331A6D95FE0054B80E /* LaunchScreen.xib */,
				B0DBAB241A6D95FE0054B80E /* Supporting Files */,
			);
			path = MeetMeUp;
			sourceTree = "<group>";
		};
		B0DBAB241A6D95FE0054B80E /* Supporting Files */ = {
			isa = PBXGroup;
			children = (
				B0DBAB251A6D95FE0054B80E /* Info.plist */,
				B0DBAB261A6D95FE0054B80E /* main.m */,
			);
			name = "Supporting Files";
			sourceTree = "<group>";
		};
		B0DBAB3D1A6D95FE0054B80E /* MeetMeUpTests */ = {
			isa = PBXGroup;
			children = (
				B0DBAB401A6D95FE0054B80E /* MeetMeUpTests.m */,
				B0DBAB3E1A6D95FE0054B80E /* Supporting Files */,
			);
			path = MeetMeUpTests;
			sourceTree = "<group>";
		};
		B0DBAB3E1A6D95FE0054B80E /* Supporting Files */ = {
			isa = PBXGroup;
			children = (
				B0DBAB3F1A6D95FE0054B80E /* Info.plist */,
			);
			name = "Supporting Files";
			sourceTree = "<group>";
		};
/* End PBXGroup section */

/* Begin PBXNativeTarget section */
		B0DBAB201A6D95FE0054B80E /* MeetMeUp */ = {
			isa = PBXNativeTarget;
			buildConfigurationList = B0DBAB441A6D95FE0054B80E /* Build configuration list for PBXNativeTarget "MeetMeUp" */;
			buildPhases = (
				B0DBAB1D1A6D95FE0054B80E /* Sources */,
				B0DBAB1E1A6D95FE0054B80E /* Frameworks */,
				B0DBAB1F1A6D95FE0054B80E /* Resources */,
			);
			buildRules = (
			);
			dependencies = (
			);
			name = MeetMeUp;
			productName = MeetMeUp;
			productReference = B0DBAB211A6D95FE0054B80E /* MeetMeUp.app */;
			productType = "com.apple.product-type.application";
		};
		B0DBAB391A6D95FE0054B80E /* MeetMeUpTests */ = {
			isa = PBXNativeTarget;
			buildConfigurationList = B0DBAB471A6D95FE0054B80E /* Build configuration list for PBXNativeTarget "MeetMeUpTests" */;
			buildPhases = (
				B0DBAB361A6D95FE0054B80E /* Sources */,
				B0DBAB371A6D95FE0054B80E /* Frameworks */,
				B0DBAB381A6D95FE0054B80E /* Resources */,
			);
			buildRules = (
			);
			dependencies = (
				B0DBAB3C1A6D95FE0054B80E /* PBXTargetDependency */,
			);
			name = MeetMeUpTests;
			productName = MeetMeUpTests;
			productReference = B0DBAB3A1A6D95FE0054B80E /* MeetMeUpTests.xctest */;
			productType = "com.apple.product-type.bundle.unit-test";
		};
/* End PBXNativeTarget section */

/* Begin PBXProject section */
		B0DBAB191A6D95FE0054B80E /* Project object */ = {
			isa = PBXProject;
			attributes = {
				LastUpgradeCheck = 0610;
				ORGANIZATIONNAME = "Syed Amaanullah";
				TargetAttributes = {
					B0DBAB201A6D95FE0054B80E = {
						CreatedOnToolsVersion = 6.1.1;
					};
					B0DBAB391A6D95FE0054B80E = {
						CreatedOnToolsVersion = 6.1.1;
						TestTargetID = B0DBAB201A6D95FE0054B80E;
					};
				};
			};
			buildConfigurationList = B0DBAB1C1A6D95FE0054B80E /* Build configuration list for PBXProject "MeetMeUp" */;
			compatibilityVersion = "Xcode 3.2";
			developmentRegion = English;
			hasScannedForEncodings = 0;
			knownRegions = (
				en,
				Base,
			);
			mainGroup = B0DBAB181A6D95FE0054B80E;
			productRefGroup = B0DBAB221A6D95FE0054B80E /* Products */;
			projectDirPath = "";
			projectRoot = "";
			targets = (
				B0DBAB201A6D95FE0054B80E /* MeetMeUp */,
				B0DBAB391A6D95FE0054B80E /* MeetMeUpTests */,
			);
		};
/* End PBXProject section */

/* Begin PBXResourcesBuildPhase section */
		B0DBAB1F1A6D95FE0054B80E /* Resources */ = {
			isa = PBXResourcesBuildPhase;
			buildActionMask = 2147483647;
			files = (
				B0DBAB301A6D95FE0054B80E /* Main.storyboard in Resources */,
				B0DBAB351A6D95FE0054B80E /* LaunchScreen.xib in Resources */,
				B0DBAB321A6D95FE0054B80E /* Images.xcassets in Resources */,
			);
			runOnlyForDeploymentPostprocessing = 0;
		};
		B0DBAB381A6D95FE0054B80E /* Resources */ = {
			isa = PBXResourcesBuildPhase;
			buildActionMask = 2147483647;
			files = (
			);
			runOnlyForDeploymentPostprocessing = 0;
		};
/* End PBXResourcesBuildPhase section */

/* Begin PBXSourcesBuildPhase section */
		B0DBAB1D1A6D95FE0054B80E /* Sources */ = {
			isa = PBXSourcesBuildPhase;
			buildActionMask = 2147483647;
			files = (
				B0DBAB2D1A6D95FE0054B80E /* ViewController.m in Sources */,
				B0DBAB2A1A6D95FE0054B80E /* AppDelegate.m in Sources */,
				B0DBAB271A6D95FE0054B80E /* main.m in Sources */,
			);
			runOnlyForDeploymentPostprocessing = 0;
		};
		B0DBAB361A6D95FE0054B80E /* Sources */ = {
			isa = PBXSourcesBuildPhase;
			buildActionMask = 2147483647;
			files = (
				B0DBAB411A6D95FE0054B80E /* MeetMeUpTests.m in Sources */,
			);
			runOnlyForDeploymentPostprocessing = 0;
		};
/* End PBXSourcesBuildPhase section */

/* Begin PBXTargetDependency section */
		B0DBAB3C1A6D95FE0054B80E /* PBXTargetDependency */ = {
			isa = PBXTargetDependency;
			target = B0DBAB201A6D95FE0054B80E /* MeetMeUp */;
			targetProxy = B0DBAB3B1A6D95FE0054B80E /* PBXContainerItemProxy */;
		};
/* End PBXTargetDependency section */

/* Begin PBXVariantGroup section */
		B0DBAB2E1A6D95FE0054B80E /* Main.storyboard */ = {
			isa = PBXVariantGroup;
			children = (
				B0DBAB2F1A6D95FE0054B80E /* Base */,
			);
			name = Main.storyboard;
			sourceTree = "<group>";
		};
		B0DBAB331A6D95FE0054B80E /* LaunchScreen.xib */ = {
			isa = PBXVariantGroup;
			children = (
				B0DBAB341A6D95FE0054B80E /* Base */,
			);
			name = LaunchScreen.xib;
			sourceTree = "<group>";
		};
/* End PBXVariantGroup section */

/* Begin XCBuildConfiguration section */
		B0DBAB421A6D95FE0054B80E /* Debug */ = {
			isa = XCBuildConfiguration;
			buildSettings = {
				ALWAYS_SEARCH_USER_PATHS = NO;
				CLANG_CXX_LANGUAGE_STANDARD = "gnu++0x";
				CLANG_CXX_LIBRARY = "libc++";
				CLANG_ENABLE_MODULES = YES;
				CLANG_ENABLE_OBJC_ARC = YES;
				CLANG_WARN_BOOL_CONVERSION = YES;
				CLANG_WARN_CONSTANT_CONVERSION = YES;
				CLANG_WARN_DIRECT_OBJC_ISA_USAGE = YES_ERROR;
				CLANG_WARN_EMPTY_BODY = YES;
				CLANG_WARN_ENUM_CONVERSION = YES;
				CLANG_WARN_INT_CONVERSION = YES;
				CLANG_WARN_OBJC_ROOT_CLASS = YES_ERROR;
				CLANG_WARN_UNREACHABLE_CODE = YES;
				CLANG_WARN__DUPLICATE_METHOD_MATCH = YES;
				"CODE_SIGN_IDENTITY[sdk=iphoneos*]" = "iPhone Developer";
				COPY_PHASE_STRIP = NO;
				ENABLE_STRICT_OBJC_MSGSEND = YES;
				GCC_C_LANGUAGE_STANDARD = gnu99;
				GCC_DYNAMIC_NO_PIC = NO;
				GCC_OPTIMIZATION_LEVEL = 0;
				GCC_PREPROCESSOR_DEFINITIONS = (
					"DEBUG=1",
					"$(inherited)",
				);
				GCC_SYMBOLS_PRIVATE_EXTERN = NO;
				GCC_WARN_64_TO_32_BIT_CONVERSION = YES;
				GCC_WARN_ABOUT_RETURN_TYPE = YES_ERROR;
				GCC_WARN_UNDECLARED_SELECTOR = YES;
				GCC_WARN_UNINITIALIZED_AUTOS = YES_AGGRESSIVE;
				GCC_WARN_UNUSED_FUNCTION = YES;
				GCC_WARN_UNUSED_VARIABLE = YES;
				IPHONEOS_DEPLOYMENT_TARGET = 8.1;
				MTL_ENABLE_DEBUG_INFO = YES;
				ONLY_ACTIVE_ARCH = YES;
				SDKROOT = iphoneos;
			};
			name = Debug;
		};
		B0DBAB431A6D95FE0054B80E /* Release */ = {
			isa = XCBuildConfiguration;
			buildSettings = {
				ALWAYS_SEARCH_USER_PATHS = NO;
				CLANG_CXX_LANGUAGE_STANDARD = "gnu++0x";
				CLANG_CXX_LIBRARY = "libc++";
				CLANG_ENABLE_MODULES = YES;
				CLANG_ENABLE_OBJC_ARC = YES;
				CLANG_WARN_BOOL_CONVERSION = YES;
				CLANG_WARN_CONSTANT_CONVERSION = YES;
				CLANG_WARN_DIRECT_OBJC_ISA_USAGE = YES_ERROR;
				CLANG_WARN_EMPTY_BODY = YES;
				CLANG_WARN_ENUM_CONVERSION = YES;
				CLANG_WARN_INT_CONVERSION = YES;
				CLANG_WARN_OBJC_ROOT_CLASS = YES_ERROR;
				CLANG_WARN_UNREACHABLE_CODE = YES;
				CLANG_WARN__DUPLICATE_METHOD_MATCH = YES;
				"CODE_SIGN_IDENTITY[sdk=iphoneos*]" = "iPhone Developer";
				COPY_PHASE_STRIP = YES;
				ENABLE_NS_ASSERTIONS = NO;
				ENABLE_STRICT_OBJC_MSGSEND = YES;
				GCC_C_LANGUAGE_STANDARD = gnu99;
				GCC_WARN_64_TO_32_BIT_CONVERSION = YES;
				GCC_WARN_ABOUT_RETURN_TYPE = YES_ERROR;
				GCC_WARN_UNDECLARED_SELECTOR = YES;
				GCC_WARN_UNINITIALIZED_AUTOS = YES_AGGRESSIVE;
				GCC_WARN_UNUSED_FUNCTION = YES;
				GCC_WARN_UNUSED_VARIABLE = YES;
				IPHONEOS_DEPLOYMENT_TARGET = 8.1;
				MTL_ENABLE_DEBUG_INFO = NO;
				SDKROOT = iphoneos;
				VALIDATE_PRODUCT = YES;
			};
			name = Release;
		};
		B0DBAB451A6D95FE0054B80E /* Debug */ = {
			isa = XCBuildConfiguration;
			buildSettings = {
				ASSETCATALOG_COMPILER_APPICON_NAME = AppIcon;
				INFOPLIST_FILE = MeetMeUp/Info.plist;
				LD_RUNPATH_SEARCH_PATHS = "$(inherited) @executable_path/Frameworks";
				PRODUCT_NAME = "$(TARGET_NAME)";
			};
			name = Debug;
		};
		B0DBAB461A6D95FE0054B80E /* Release */ = {
			isa = XCBuildConfiguration;
			buildSettings = {
				ASSETCATALOG_COMPILER_APPICON_NAME = AppIcon;
				INFOPLIST_FILE = MeetMeUp/Info.plist;
				LD_RUNPATH_SEARCH_PATHS = "$(inherited) @executable_path/Frameworks";
				PRODUCT_NAME = "$(TARGET_NAME)";
			};
			name = Release;
		};
		B0DBAB481A6D95FE0054B80E /* Debug */ = {
			isa = XCBuildConfiguration;
			buildSettings = {
				BUNDLE_LOADER = "$(TEST_HOST)";
				FRAMEWORK_SEARCH_PATHS = (
					"$(SDKROOT)/Developer/Library/Frameworks",
					"$(inherited)",
				);
				GCC_PREPROCESSOR_DEFINITIONS = (
					"DEBUG=1",
					"$(inherited)",
				);
				INFOPLIST_FILE = MeetMeUpTests/Info.plist;
				LD_RUNPATH_SEARCH_PATHS = "$(inherited) @executable_path/Frameworks @loader_path/Frameworks";
				PRODUCT_NAME = "$(TARGET_NAME)";
				TEST_HOST = "$(BUILT_PRODUCTS_DIR)/MeetMeUp.app/MeetMeUp";
			};
			name = Debug;
		};
		B0DBAB491A6D95FE0054B80E /* Release */ = {
			isa = XCBuildConfiguration;
			buildSettings = {
				BUNDLE_LOADER = "$(TEST_HOST)";
				FRAMEWORK_SEARCH_PATHS = (
					"$(SDKROOT)/Developer/Library/Frameworks",
					"$(inherited)",
				);
				INFOPLIST_FILE = MeetMeUpTests/Info.plist;
				LD_RUNPATH_SEARCH_PATHS = "$(inherited) @executable_path/Frameworks @loader_path/Frameworks";
				PRODUCT_NAME = "$(TARGET_NAME)";
				TEST_HOST = "$(BUILT_PRODUCTS_DIR)/MeetMeUp.app/MeetMeUp";
			};
			name = Release;
		};
/* End XCBuildConfiguration section */

/* Begin XCConfigurationList section */
		B0DBAB1C1A6D95FE0054B80E /* Build configuration list for PBXProject "MeetMeUp" */ = {
			isa = XCConfigurationList;
			buildConfigurations = (
				B0DBAB421A6D95FE0054B80E /* Debug */,
				B0DBAB431A6D95FE0054B80E /* Release */,
			);
			defaultConfigurationIsVisible = 0;
			defaultConfigurationName = Release;
		};
		B0DBAB441A6D95FE0054B80E /* Build configuration list for PBXNativeTarget "MeetMeUp" */ = {
			isa = XCConfigurationList;
			buildConfigurations = (
				B0DBAB451A6D95FE0054B80E /* Debug */,
				B0DBAB461A6D95FE0054B80E /* Release */,
			);
			defaultConfigurationIsVisible = 0;
		};
		B0DBAB471A6D95FE0054B80E /* Build configuration list for PBXNativeTarget "MeetMeUpTests" */ = {
			isa = XCConfigurationList;
			buildConfigurations = (
				B0DBAB481A6D95FE0054B80E /* Debug */,
				B0DBAB491A6D95FE0054B80E /* Release */,
			);
			defaultConfigurationIsVisible = 0;
		};
/* End XCConfigurationList section */
	};
	rootObject = B0DBAB191A6D95FE0054B80E /* Project object */;
}
